
Microsoft Visual Studio Solution File, Format Version 12.00
# Visual Studio Version 16
VisualStudioVersion = 16.0.31005.135
MinimumVisualStudioVersion = 10.0.40219.1
Project("{FAE04EC0-301F-11D3-BF4B-00C04F79EFBC}") = "GeometryTool", "GeometryTool\GeometryTool.csproj", "{17355017-5D0F-4532-9DAF-2106A0E11FC9}"
EndProject
Global
	GlobalSection(SolutionConfigurationPlatforms) = preSolution
		Debug|Any CPU = Debug|Any CPU
		Release|Any CPU = Release|Any CPU
	EndGlobalSection
	GlobalSection(ProjectConfigurationPlatforms) = postSolution
		{17355017-5D0F-4532-9DAF-2106A0E11FC9}.Debug|Any CPU.ActiveCfg = Debug|Any CPU
		{17355017-5D0F-4532-9DAF-2106A0E11FC9}.Debug|Any CPU.Build.0 = Debug|Any CPU
		{17355017-5D0F-4532-9DAF-2106A0E11FC9}.Release|Any CPU.ActiveCfg = Release|Any CPU
		{17355017-5D0F-4532-9DAF-2106A0E11FC9}.Release|Any CPU.Build.0 = Release|Any CPU
	EndGlobalSection
	GlobalSection(SolutionProperties) = preSolution
		HideSolutionNode = FALSE
	EndGlobalSection
	GlobalSection(ExtensibilityGlobals) = postSolution
		SolutionGuid = {25B22D59-FDBC-47BD-A1E0-746B2F40EB92}
	EndGlobalSection
EndGlobal
